
Microsoft Visual Studio Solution File, Format Version 12.00
# Visual Studio Version 16
VisualStudioVersion = 16.0.30611.23
MinimumVisualStudioVersion = 10.0.40219.1
Project("{FAE04EC0-301F-11D3-BF4B-00C04F79EFBC}") = "FizzBuzz", "FizzBuzz\FizzBuzz.csproj", "{B63B43B3-D2FB-4008-B106-4A24A7B41F72}"
EndProject
Project("{FAE04EC0-301F-11D3-BF4B-00C04F79EFBC}") = "FizzBuzz.Library", "FizzBuzz.Library\FizzBuzz.Library.csproj", "{AE03B160-A484-4B03-9DA5-55467C74A003}"
EndProject
Project("{FAE04EC0-301F-11D3-BF4B-00C04F79EFBC}") = "FizzBuzz.Library.Tests", "FizzBuzz.Library.Tests\FizzBuzz.Library.Tests.csproj", "{CEAEAD09-BCF6-43CE-B416-BB25FE20F02F}"
EndProject
Global
	GlobalSection(SolutionConfigurationPlatforms) = preSolution
		Debug|Any CPU = Debug|Any CPU
		Release|Any CPU = Release|Any CPU
	EndGlobalSection
	GlobalSection(ProjectConfigurationPlatforms) = postSolution
		{B63B43B3-D2FB-4008-B106-4A24A7B41F72}.Debug|Any CPU.ActiveCfg = Debug|Any CPU
		{B63B43B3-D2FB-4008-B106-4A24A7B41F72}.Debug|Any CPU.Build.0 = Debug|Any CPU
		{B63B43B3-D2FB-4008-B106-4A24A7B41F72}.Release|Any CPU.ActiveCfg = Release|Any CPU
		{B63B43B3-D2FB-4008-B106-4A24A7B41F72}.Release|Any CPU.Build.0 = Release|Any CPU
		{AE03B160-A484-4B03-9DA5-55467C74A003}.Debug|Any CPU.ActiveCfg = Debug|Any CPU
		{AE03B160-A484-4B03-9DA5-55467C74A003}.Debug|Any CPU.Build.0 = Debug|Any CPU
		{AE03B160-A484-4B03-9DA5-55467C74A003}.Release|Any CPU.ActiveCfg = Release|Any CPU
		{AE03B160-A484-4B03-9DA5-55467C74A003}.Release|Any CPU.Build.0 = Release|Any CPU
		{CEAEAD09-BCF6-43CE-B416-BB25FE20F02F}.Debug|Any CPU.ActiveCfg = Debug|Any CPU
		{CEAEAD09-BCF6-43CE-B416-BB25FE20F02F}.Debug|Any CPU.Build.0 = Debug|Any CPU
		{CEAEAD09-BCF6-43CE-B416-BB25FE20F02F}.Release|Any CPU.ActiveCfg = Release|Any CPU
		{CEAEAD09-BCF6-43CE-B416-BB25FE20F02F}.Release|Any CPU.Build.0 = Release|Any CPU
	EndGlobalSection
	GlobalSection(SolutionProperties) = preSolution
		HideSolutionNode = FALSE
	EndGlobalSection
	GlobalSection(ExtensibilityGlobals) = postSolution
		SolutionGuid = {E1FF2E7F-EF40-41C0-846D-82D36078139E}
	EndGlobalSection
EndGlobal
